# This file is automatically @generated by Cargo.
# It is not intended for manual editing.
version = 4

[[package]]
name = "autocfg"
version = "1.5.1"
source = "registry+https://github.com/rust-lang/crates.io-index"
checksum = "f2032f911046de80f0a198e0901378627c33f59ea0ac00e363d481118bd70a53"

[[package]]
name = "base"
version = "0.1.0"
dependencies = [
 "spirv-std",
]

[[package]]
name = "bitflags"
version = "2.13.2"
source = "registry+https://github.com/rust-lang/crates.io-index"
checksum = "3ded4057c258ba199e2d26386d3af3780957ecaee6c4ef4041c6b4b8b97c0b06"

[[package]]
name = "blur"
version = "0.1.0"
dependencies = [
 "spirv-std",
]

[[package]]
name = "cloth"
version = "0.1.0"
dependencies = [
 "spirv-std",
]

[[package]]
name = "colorpass"
version = "0.1.0"
dependencies = [
 "spirv-std",
]

[[package]]
name = "composition"
version = "0.1.0"
dependencies = [
 "spirv-std",
]

[[package]]
name = "computecullandlod-cull"
version = "0.1.0"
dependencies = [
 "spirv-std",
]

[[package]]
name = "computecullandlod-indirectdraw"
version = "0.1.0"
dependencies = [
 "spirv-std",
]

[[package]]
name = "computeheadless-headless"
version = "0.1.0"
dependencies = [
 "spirv-std",
]

[[package]]
name = "computeparticles-particle"
version = "0.1.0"
dependencies = [
 "spirv-std",
]

[[package]]
name = "computeshader-texture"
version = "0.1.0"
dependencies = [
 "spirv-std",
]

[[package]]
name = "conditionalrender-model"
version = "0.1.0"
dependencies = [
 "spirv-std",
]

[[package]]
name = "conservativeraster-fullscreen"
version = "0.1.0"
dependencies = [
 "spirv-std",
]

[[package]]
name = "conservativeraster-triangle"
version = "0.1.0"
dependencies = [
 "spirv-std",
]

[[package]]
name = "conservativeraster-triangleoverlay"
version = "0.1.0"
dependencies = [
 "spirv-std",
]

[[package]]
name = "cube"
version = "0.1.0"
dependencies = [
 "spirv-std",
]

[[package]]
name = "debugprintf-toon"
version = "0.1.0"
dependencies = [
 "spirv-std",
]

[[package]]
name = "debugutils-colorpass"
version = "0.1.0"
dependencies = [
 "spirv-std",
]

[[package]]
name = "debugutils-postprocess"
version = "0.1.0"
dependencies = [
 "spirv-std",
]

[[package]]
name = "debugutils-toon"
version = "0.1.0"
dependencies = [
 "spirv-std",
]

[[package]]
name = "deferred"
version = "0.1.0"
dependencies = [
 "spirv-std",
]

[[package]]
name = "deferredmultisampling-deferred"
version = "0.1.0"
dependencies = [
 "spirv-std",
]

[[package]]
name = "deferredmultisampling-mrt"
version = "0.1.0"
dependencies = [
 "spirv-std",
]

[[package]]
name = "deferredshadows-deferred"
version = "0.1.0"
dependencies = [
 "spirv-std",
]

[[package]]
name = "deferredshadows-mrt"
version = "0.1.0"
dependencies = [
 "spirv-std",
]

[[package]]
name = "deferredshadows-shadow"
version = "0.1.0"
dependencies = [
 "spirv-std",
]

[[package]]
name = "descriptorbuffer-cube"
version = "0.1.0"
dependencies = [
 "spirv-std",
]

[[package]]
name = "descriptorindexing"
version = "0.1.0"
dependencies = [
 "spirv-std",
]

[[package]]
name = "displacement-base"
version = "0.1.0"
dependencies = [
 "spirv-std",
]

[[package]]
name = "displacement-displacement"
version = "0.1.0"
dependencies = [
 "spirv-std",
]

[[package]]
name = "distancefieldfonts-bitmap"
version = "0.1.0"
dependencies = [
 "spirv-std",
]

[[package]]
name = "distancefieldfonts-sdf"
version = "0.1.0"
dependencies = [
 "spirv-std",
]

[[package]]
name = "dynamicrendering-texture"
version = "0.1.0"
dependencies = [
 "spirv-std",
]

[[package]]
name = "edgedetect"
version = "0.1.0"
dependencies = [
 "spirv-std",
]

[[package]]
name = "emboss"
version = "0.1.0"
dependencies = [
 "spirv-std",
]

[[package]]
name = "filtercube"
version = "0.1.0"
dependencies = [
 "spirv-std",
]

[[package]]
name = "fullscreen"
version = "0.1.0"
dependencies = [
 "spirv-std",
]

[[package]]
name = "gaussblur"
version = "0.1.0"
dependencies = [
 "spirv-std",
]

[[package]]
name = "gbuffer"
version = "0.1.0"
dependencies = [
 "spirv-std",
]

[[package]]
name = "gears"
version = "0.1.0"
dependencies = [
 "spirv-std",
]

[[package]]
name = "genbrdflut"
version = "0.1.0"
dependencies = [
 "spirv-std",
]

[[package]]
name = "geometryshader-base"
version = "0.1.0"
dependencies = [
 "spirv-std",
]

[[package]]
name = "geometryshader-mesh"
version = "0.1.0"
dependencies = [
 "spirv-std",
]

[[package]]
name = "geometryshader-normaldebug"
version = "0.1.0"
dependencies = [
 "spirv-std",
]

[[package]]
name = "glam"
version = "0.33.12"
source = "registry+https://github.com/rust-lang/crates.io-index"
checksum = "37bfe73dc8ec21f54d181e5a60554327ec3f1c600c455a75ccbfc65d2106a6c4"
dependencies = [
 "libm",
]

[[package]]
name = "gltfloading-mesh"
version = "0.1.0"
dependencies = [
 "spirv-std",
]

[[package]]
name = "gltfscenerendering-scene"
version = "0.1.0"
dependencies = [
 "spirv-std",
]

[[package]]
name = "gltfskinning-skinnedmodel"
version = "0.1.0"
dependencies = [
 "spirv-std",
]

[[package]]
name = "graphicspipelinelibrary-shared"
version = "0.1.0"
dependencies = [
 "spirv-std",
]

[[package]]
name = "graphicspipelinelibrary-uber"
version = "0.1.0"
dependencies = [
 "spirv-std",
]

[[package]]
name = "ground"
version = "0.1.0"
dependencies = [
 "spirv-std",
]

[[package]]
name = "hdr-bloom"
version = "0.1.0"
dependencies = [
 "spirv-std",
]

[[package]]
name = "hdr-composition"
version = "0.1.0"
dependencies = [
 "spirv-std",
]

[[package]]
name = "hdr-gbuffer"
version = "0.1.0"
dependencies = [
 "spirv-std",
]

[[package]]
name = "imgui-scene"
version = "0.1.0"
dependencies = [
 "spirv-std",
]

[[package]]
name = "imgui-ui"
version = "0.1.0"
dependencies = [
 "spirv-std",
]

[[package]]
name = "indirectdraw"
version = "0.1.0"
dependencies = [
 "spirv-std",
]

[[package]]
name = "inlineuniformblocks-pbr"
version = "0.1.0"
dependencies = [
 "spirv-std",
]

[[package]]
name = "inputattachments-attachmentread"
version = "0.1.0"
dependencies = [
 "spirv-std",
]

[[package]]
name = "inputattachments-attachmentwrite"
version = "0.1.0"
dependencies = [
 "spirv-std",
]

[[package]]
name = "instancing"
version = "0.1.0"
dependencies = [
 "spirv-std",
]

[[package]]
name = "instancing-instancing"
version = "0.1.0"
dependencies = [
 "spirv-std",
]

[[package]]
name = "irradiancecube"
version = "0.1.0"
dependencies = [
 "spirv-std",
]

[[package]]
name = "libm"
version = "0.2.16"
source = "registry+https://github.com/rust-lang/crates.io-index"
checksum = "b6d2cec3eae94f9f509c767b45932f1ada8350c4bdb85af2fcab4a3c14807981"

[[package]]
name = "mesh"
version = "0.1.0"
dependencies = [
 "spirv-std",
]

[[package]]
name = "meshshader"
version = "0.1.0"
dependencies = [
 "spirv-std",
]

[[package]]
name = "mrt"
version = "0.1.0"
dependencies = [
 "spirv-std",
]

[[package]]
name = "multithreading-phong"
version = "0.1.0"
dependencies = [
 "spirv-std",
]

[[package]]
name = "multithreading-starsphere"
version = "0.1.0"
dependencies = [
 "spirv-std",
]

[[package]]
name = "multiview-multiview"
version = "0.1.0"
dependencies = [
 "spirv-std",
]

[[package]]
name = "multiview-viewdisplay"
version = "0.1.0"
dependencies = [
 "spirv-std",
]

[[package]]
name = "num-traits"
version = "0.2.19"
source = "registry+https://github.com/rust-lang/crates.io-index"
checksum = "071dfc062690e90b734c0b2273ce72ad0ffa95f0c74596bc250dcfd960262841"
dependencies = [
 "autocfg",
 "libm",
]

[[package]]
name = "occluder"
version = "0.1.0"
dependencies = [
 "spirv-std",
]

[[package]]
name = "occlusionquery-mesh"
version = "0.1.0"
dependencies = [
 "spirv-std",
]

[[package]]
name = "offscreen"
version = "0.1.0"
dependencies = [
 "spirv-std",
]

[[package]]
name = "offscreen-mirror"
version = "0.1.0"
dependencies = [
 "spirv-std",
]

[[package]]
name = "offscreen-phong"
version = "0.1.0"
dependencies = [
 "spirv-std",
]

[[package]]
name = "offscreen-quad"
version = "0.1.0"
dependencies = [
 "spirv-std",
]

[[package]]
name = "oit-color"
version = "0.1.0"
dependencies = [
 "spirv-std",
]

[[package]]
name = "oit-geometry"
version = "0.1.0"
dependencies = [
 "spirv-std",
]

[[package]]
name = "parallax"
version = "0.1.0"
dependencies = [
 "spirv-std",
]

[[package]]
name = "particle"
version = "0.1.0"
dependencies = [
 "spirv-std",
]

[[package]]
name = "particle_calculate"
version = "0.1.0"
dependencies = [
 "spirv-std",
]

[[package]]
name = "particle_integrate"
version = "0.1.0"
dependencies = [
 "spirv-std",
]

[[package]]
name = "particlesystem-normalmap"
version = "0.1.0"
dependencies = [
 "spirv-std",
]

[[package]]
name = "particlesystem-particle"
version = "0.1.0"
dependencies = [
 "spirv-std",
]

[[package]]
name = "pbrbasic-pbr"
version = "0.1.0"
dependencies = [
 "spirv-std",
]

[[package]]
name = "pbribl"
version = "0.1.0"
dependencies = [
 "spirv-std",
]

[[package]]
name = "pbribl-skybox"
version = "0.1.0"
dependencies = [
 "spirv-std",
]

[[package]]
name = "phong"
version = "0.1.0"
dependencies = [
 "spirv-std",
]

[[package]]
name = "phongpass"
version = "0.1.0"
dependencies = [
 "spirv-std",
]

[[package]]
name = "pipelinestatistics-scene"
version = "0.1.0"
dependencies = [
 "spirv-std",
]

[[package]]
name = "planet"
version = "0.1.0"
dependencies = [
 "spirv-std",
]

[[package]]
name = "prefilterenvmap"
version = "0.1.0"
dependencies = [
 "spirv-std",
]

[[package]]
name = "proc-macro2"
version = "1.0.107"
source = "registry+https://github.com/rust-lang/crates.io-index"
checksum = "985e7ec9bb745e6ce6535b544d84d6cd6f7ad8bd711c398938ae983b91a766d9"
dependencies = [
 "unicode-ident",
]

[[package]]
name = "pushconstants"
version = "0.1.0"
dependencies = [
 "spirv-std",
]

[[package]]
name = "pushdescriptors-cube"
version = "0.1.0"
dependencies = [
 "spirv-std",
]

[[package]]
name = "quad"
version = "0.1.0"
dependencies = [
 "spirv-std",
]

[[package]]
name = "quote"
version = "1.0.47"
source = "registry+https://github.com/rust-lang/crates.io-index"
checksum = "1fbf4db142a473a8d80c26bbf18454ed458bf8d26c8219c331daecfdbd079001"
dependencies = [
 "proc-macro2",
]

[[package]]
name = "radialblur"
version = "0.1.0"
dependencies = [
 "spirv-std",
]

[[package]]
name = "radialblur-colorpass"
version = "0.1.0"
dependencies = [
 "spirv-std",
]

[[package]]
name = "radialblur-phongpass"
version = "0.1.0"
dependencies = [
 "spirv-std",
]

[[package]]
name = "rayquery-scene"
version = "0.1.0"
dependencies = [
 "spirv-std",
]

[[package]]
name = "raytracingbasic"
version = "0.1.0"
dependencies = [
 "spirv-std",
]

[[package]]
name = "reflect"
version = "0.1.0"
dependencies = [
 "spirv-std",
]

[[package]]
name = "renderheadless-triangle"
version = "0.1.0"
dependencies = [
 "spirv-std",
]

[[package]]
name = "scene"
version = "0.1.0"
dependencies = [
 "spirv-std",
]

[[package]]
name = "screenshot-mesh"
version = "0.1.0"
dependencies = [
 "spirv-std",
]

[[package]]
name = "sem"
version = "0.1.0"
dependencies = [
 "spirv-std",
]

[[package]]
name = "shaderobjects-phong"
version = "0.1.0"
dependencies = [
 "spirv-std",
]

[[package]]
name = "shadowmapping-quad"
version = "0.1.0"
dependencies = [
 "spirv-std",
]

[[package]]
name = "shadowmappingcascade-debugshadowmap"
version = "0.1.0"
dependencies = [
 "spirv-std",
]

[[package]]
name = "shadowmappingcascade-depthpass"
version = "0.1.0"
dependencies = [
 "spirv-std",
]

[[package]]
name = "shadowmappingcascade-scene"
version = "0.1.0"
dependencies = [
 "spirv-std",
]

[[package]]
name = "shadowmappingomni-cubemapdisplay"
version = "0.1.0"
dependencies = [
 "spirv-std",
]

[[package]]
name = "shadowmappingomni-offscreen"
version = "0.1.0"
dependencies = [
 "spirv-std",
]

[[package]]
name = "shadowmappingomni-scene"
version = "0.1.0"
dependencies = [
 "spirv-std",
]

[[package]]
name = "sharpen"
version = "0.1.0"
dependencies = [
 "spirv-std",
]

[[package]]
name = "simple"
version = "0.1.0"
dependencies = [
 "spirv-std",
]

[[package]]
name = "skybox"
version = "0.1.0"
dependencies = [
 "spirv-std",
]

[[package]]
name = "skysphere"
version = "0.1.0"
dependencies = [
 "spirv-std",
]

[[package]]
name = "sphere"
version = "0.1.0"
dependencies = [
 "spirv-std",
]

[[package]]
name = "spirv-std"
version = "0.10.0"
source = "git+https://github.com/rust-gpu/rust-gpu.git?rev=c49441a4c472098f5b221984f5bea1dbf866ad10#c49441a4c472098f5b221984f5bea1dbf866ad10"
dependencies = [
 "bitflags",
 "glam",
 "libm",
 "num-traits",
 "spirv-std-macros",
 "spirv-std-types",
]

[[package]]
name = "spirv-std-macros"
version = "0.10.0"
source = "git+https://github.com/rust-gpu/rust-gpu.git?rev=c49441a4c472098f5b221984f5bea1dbf866ad10#c49441a4c472098f5b221984f5bea1dbf866ad10"
dependencies = [
 "proc-macro2",
 "quote",
 "spirv-std-types",
 "syn",
]

[[package]]
name = "spirv-std-types"
version = "0.10.0"
source = "git+https://github.com/rust-gpu/rust-gpu.git?rev=c49441a4c472098f5b221984f5bea1dbf866ad10#c49441a4c472098f5b221984f5bea1dbf866ad10"

[[package]]
name = "ssao"
version = "0.1.0"
dependencies = [
 "spirv-std",
]

[[package]]
name = "starfield"
version = "0.1.0"
dependencies = [
 "spirv-std",
]

[[package]]
name = "stencilbuffer-outline"
version = "0.1.0"
dependencies = [
 "spirv-std",
]

[[package]]
name = "stencilbuffer-toon"
version = "0.1.0"
dependencies = [
 "spirv-std",
]

[[package]]
name = "subpasses-composition"
version = "0.1.0"
dependencies = [
 "spirv-std",
]

[[package]]
name = "subpasses-gbuffer"
version = "0.1.0"
dependencies = [
 "spirv-std",
]

[[package]]
name = "subpasses-transparent"
version = "0.1.0"
dependencies = [
 "spirv-std",
]

[[package]]
name = "syn"
version = "3.0.6"
source = "registry+https://github.com/rust-lang/crates.io-index"
checksum = "8593e8e72159ed2257d083c7a454a85cbf854f37a0966d8d483aff8c8a3ebcee"
dependencies = [
 "proc-macro2",
 "quote",
 "unicode-ident",
]

[[package]]
name = "terraintessellation-skysphere"
version = "0.1.0"
dependencies = [
 "spirv-std",
]

[[package]]
name = "terraintessellation-terrain"
version = "0.1.0"
dependencies = [
 "spirv-std",
]

[[package]]
name = "tessellation-base"
version = "0.1.0"
dependencies = [
 "spirv-std",
]

[[package]]
name = "tessellation-passthrough"
version = "0.1.0"
dependencies = [
 "spirv-std",
]

[[package]]
name = "tessellation-pntriangles"
version = "0.1.0"
dependencies = [
 "spirv-std",
]

[[package]]
name = "textoverlay"
version = "0.1.0"
dependencies = [
 "spirv-std",
]

[[package]]
name = "textoverlay-mesh"
version = "0.1.0"
dependencies = [
 "spirv-std",
]

[[package]]
name = "textoverlay-text"
version = "0.1.0"
dependencies = [
 "spirv-std",
]

[[package]]
name = "texture"
version = "0.1.0"
dependencies = [
 "spirv-std",
]

[[package]]
name = "texture3d"
version = "0.1.0"
dependencies = [
 "spirv-std",
]

[[package]]
name = "texturecubemap-skybox"
version = "0.1.0"
dependencies = [
 "spirv-std",
]

[[package]]
name = "texturecubemaparray-reflect"
version = "0.1.0"
dependencies = [
 "spirv-std",
]

[[package]]
name = "texturecubemaparray-skybox"
version = "0.1.0"
dependencies = [
 "spirv-std",
]

[[package]]
name = "texturemipmapgen-texture"
version = "0.1.0"
dependencies = [
 "spirv-std",
]

[[package]]
name = "toon"
version = "0.1.0"
dependencies = [
 "spirv-std",
]

[[package]]
name = "triangle"
version = "0.1.0"
dependencies = [
 "spirv-std",
]

[[package]]
name = "uber"
version = "0.1.0"
dependencies = [
 "spirv-std",
]

[[package]]
name = "uioverlay"
version = "0.1.0"
dependencies = [
 "spirv-std",
]

[[package]]
name = "unicode-ident"
version = "1.0.26"
source = "registry+https://github.com/rust-lang/crates.io-index"
checksum = "d245f478577f809a851594d02313b640fb437e0bb33866753cff937863096954"

[[package]]
name = "vertexattributes-scene"
version = "0.1.0"
dependencies = [
 "spirv-std",
]

[[package]]
name = "viewportarray-multiview"
version = "0.1.0"
dependencies = [
 "spirv-std",
]

[[package]]
name = "viewportarray-scene"
version = "0.1.0"
dependencies = [
 "spirv-std",
]

[[package]]
name = "vulkanscene-logo"
version = "0.1.0"
dependencies = [
 "spirv-std",
]

[[package]]
name = "vulkanscene-mesh"
version = "0.1.0"
dependencies = [
 "spirv-std",
]

[[package]]
name = "vulkanscene-skybox"
version = "0.1.0"
dependencies = [
 "spirv-std",
]

[[package]]
name = "wireframe"
version = "0.1.0"
dependencies = [
 "spirv-std",
]
